
Microsoft Visual Studio Solution File, Format Version 12.00
# Visual Studio Version 16
VisualStudioVersion = 25.0.1706.3
MinimumVisualStudioVersion = 10.0.40219.1
Project("{FAE04EC0-301F-11D3-BF4B-00C04F79EFBC}") = "dis2", "dis2\dis2.csproj", "{7A1D6B92-6BB5-431A-8F9F-36BC05C6F5F6}"
EndProject
Global
	GlobalSection(SolutionConfigurationPlatforms) = preSolution
		Debug|Any CPU = Debug|Any CPU
		Release|Any CPU = Release|Any CPU
	EndGlobalSection
	GlobalSection(ProjectConfigurationPlatforms) = postSolution
		{7A1D6B92-6BB5-431A-8F9F-36BC05C6F5F6}.Debug|Any CPU.ActiveCfg = Debug|Any CPU
		{7A1D6B92-6BB5-431A-8F9F-36BC05C6F5F6}.Debug|Any CPU.Build.0 = Debug|Any CPU
		{7A1D6B92-6BB5-431A-8F9F-36BC05C6F5F6}.Release|Any CPU.ActiveCfg = Release|Any CPU
		{7A1D6B92-6BB5-431A-8F9F-36BC05C6F5F6}.Release|Any CPU.Build.0 = Release|Any CPU
	EndGlobalSection
	GlobalSection(SolutionProperties) = preSolution
		HideSolutionNode = FALSE
	EndGlobalSection
	GlobalSection(ExtensibilityGlobals) = postSolution
		SolutionGuid = {ADE0B0E3-9E64-4008-A8AD-7F77FEA69B43}
	EndGlobalSection
EndGlobal
